lockfileVersion: 5.4

specifiers:
  react-router: ^6.8.2
  react-router-dom: ^6.8.2

dependencies:
  react-router: 6.8.2
  react-router-dom: 6.8.2

packages:

  /@remix-run/router/1.3.3:
    resolution: {integrity: sha512-YRHie1yQEj0kqqCTCJEfHqYSSNlZQ696QJG+MMiW4mxSl9I0ojz/eRhJS4fs88Z5i6D1SmoF9d3K99/QOhI8/w==}
    engines: {node: '>=14'}
    dev: false

  /react-router-dom/6.8.2:
    resolution: {integrity: sha512-N/oAF1Shd7g4tWy+75IIufCGsHBqT74tnzHQhbiUTYILYF0Blk65cg+HPZqwC+6SqEyx033nKqU7by38v3lBZg==}
    engines: {node: '>=14'}
    peerDependencies:
      react: '>=16.8'
      react-dom: '>=16.8'
    dependencies:
      '@remix-run/router': 1.3.3
      react-router: 6.8.2
    dev: false

  /react-router/6.8.2:
    resolution: {integrity: sha512-lF7S0UmXI5Pd8bmHvMdPKI4u4S5McxmHnzJhrYi9ZQ6wE+DA8JN5BzVC5EEBuduWWDaiJ8u6YhVOCmThBli+rw==}
    engines: {node: '>=14'}
    peerDependencies:
      react: '>=16.8'
    dependencies:
      '@remix-run/router': 1.3.3
    dev: false
